<?xml version="1.0" encoding="utf-8"?>
<Project ToolsVersion="4.0" xmlns="http://schemas.microsoft.com/developer/msbuild/2003">
  <ItemGroup>
    <Filter Include="Исходные файлы">
      <UniqueIdentifier>{4FC737F1-C7A5-4376-A066-2A32D752A2FF}</UniqueIdentifier>
      <Extensions>cpp;c;cc;cxx;c++;cppm;ixx;def;odl;idl;hpj;bat;asm;asmx</Extensions>
    </Filter>
    <Filter Include="Файлы заголовков">
      <UniqueIdentifier>{93995380-89BD-4b04-88EB-625FBE52EBFB}</UniqueIdentifier>
      <Extensions>h;hh;hpp;hxx;h++;hm;inl;inc;ipp;xsd</Extensions>
    </Filter>
    <Filter Include="Файлы ресурсов">
      <UniqueIdentifier>{67DA6AB6-F800-4c08-8B7A-83BB121AAD01}</UniqueIdentifier>
      <Extensions>rc;ico;cur;bmp;dlg;rc2;rct;bin;rgs;gif;jpg;jpeg;jpe;resx;tiff;tif;png;wav;mfcribbon-ms</Extensions>
    </Filter>
    <Filter Include="Файлы заголовков\Core">
      <UniqueIdentifier>{d3012f2c-947b-4150-a66a-b40c251b3067}</UniqueIdentifier>
    </Filter>
    <Filter Include="Файлы заголовков\Platform">
      <UniqueIdentifier>{eb289925-5ba5-4556-a9ed-77a5c03aef1a}</UniqueIdentifier>
    </Filter>
    <Filter Include="Файлы заголовков\Core\Env">
      <UniqueIdentifier>{75a5f941-93e0-4beb-84a6-a2d372bae82c}</UniqueIdentifier>
    </Filter>
    <Filter Include="Файлы заголовков\Ints">
      <UniqueIdentifier>{2bb36f8e-60d1-452d-838e-612ccda78359}</UniqueIdentifier>
    </Filter>
    <Filter Include="Файлы заголовков\Tools">
      <UniqueIdentifier>{36421d7f-557e-4880-bcb9-8c7066a0bcf9}</UniqueIdentifier>
    </Filter>
    <Filter Include="Файлы заголовков\Core\Cell">
      <UniqueIdentifier>{e8114819-2388-457c-a236-5b07d5fcce1a}</UniqueIdentifier>
    </Filter>
    <Filter Include="Файлы заголовков\Core\Support">
      <UniqueIdentifier>{a8d63215-f477-4d4b-9ec8-312a73eb61f6}</UniqueIdentifier>
    </Filter>
    <Filter Include="Файлы заголовков\Core\SpecialFuncs">
      <UniqueIdentifier>{3acff48e-539b-49c7-9c8c-094183ebd43a}</UniqueIdentifier>
    </Filter>
    <Filter Include="Файлы заголовков\Core\FuncCells">
      <UniqueIdentifier>{e041e89c-f961-4db6-9585-3c3886cc91ee}</UniqueIdentifier>
    </Filter>
  </ItemGroup>
  <ItemGroup>
    <ClInclude Include="Cell.h">
      <Filter>Файлы заголовков\Core\Cell</Filter>
    </ClInclude>
    <ClInclude Include="Number.h">
      <Filter>Файлы заголовков\Core\Cell</Filter>
    </ClInclude>
    <ClInclude Include="BigInt.h">
      <Filter>Файлы заголовков\Core\Cell</Filter>
    </ClInclude>
    <ClInclude Include="LambdaCell.h">
      <Filter>Файлы заголовков\Core\FuncCells</Filter>
    </ClInclude>
    <ClInclude Include="Core.h">
      <Filter>Файлы заголовков\Core</Filter>
    </ClInclude>
    <ClInclude Include="CoreData.h">
      <Filter>Файлы заголовков\Core</Filter>
    </ClInclude>
    <ClInclude Include="STDMutexed.h">
      <Filter>Файлы заголовков\Platform</Filter>
    </ClInclude>
    <ClInclude Include="PredLispFuncs.h">
      <Filter>Файлы заголовков\Core</Filter>
    </ClInclude>
    <ClInclude Include="Funcs.h">
      <Filter>Файлы заголовков\Core</Filter>
    </ClInclude>
    <ClInclude Include="Symbol.h">
      <Filter>Файлы заголовков\Core\Cell</Filter>
    </ClInclude>
    <ClInclude Include="CellEnvironment.h">
      <Filter>Файлы заголовков\Core\Env</Filter>
    </ClInclude>
    <ClInclude Include="PublicCoreEnvironmentProvider.h">
      <Filter>Файлы заголовков\Core\Env</Filter>
    </ClInclude>
    <ClInclude Include="CoreEnv.h">
      <Filter>Файлы заголовков\Core\Env</Filter>
    </ClInclude>
    <ClInclude Include="StdCoreOutputStream.h">
      <Filter>Файлы заголовков\Platform</Filter>
    </ClInclude>
    <ClInclude Include="StdCoreInputStream.h">
      <Filter>Файлы заголовков\Platform</Filter>
    </ClInclude>
    <ClInclude Include="CoreStreamInt.h">
      <Filter>Файлы заголовков\Ints</Filter>
    </ClInclude>
    <ClInclude Include="StdCoreInputMemoryStream.h">
      <Filter>Файлы заголовков\Platform</Filter>
    </ClInclude>
    <ClInclude Include="MPool.h">
      <Filter>Файлы заголовков\Tools</Filter>
    </ClInclude>
    <ClInclude Include="Mutexed.h">
      <Filter>Файлы заголовков\Ints</Filter>
    </ClInclude>
    <ClInclude Include="FuncsStorage.h">
      <Filter>Файлы заголовков\Core</Filter>
    </ClInclude>
    <ClInclude Include="PoolDeleter.h">
      <Filter>Файлы заголовков\Tools</Filter>
    </ClInclude>
    <ClInclude Include="FuncsEvaler.h">
      <Filter>Файлы заголовков\Core\SpecialFuncs</Filter>
    </ClInclude>
    <ClInclude Include="Bifuncs.h">
      <Filter>Файлы заголовков\Core\SpecialFuncs</Filter>
    </ClInclude>
    <ClInclude Include="OutputController.h">
      <Filter>Файлы заголовков\Core\Support</Filter>
    </ClInclude>
    <ClInclude Include="SymbolsFarm.h">
      <Filter>Файлы заголовков\Core\Support</Filter>
    </ClInclude>
    <ClInclude Include="CoreEnvStreamsProvider.h">
      <Filter>Файлы заголовков\Core\Support</Filter>
    </ClInclude>
    <ClInclude Include="Lexer.h">
      <Filter>Файлы заголовков\Core\Support</Filter>
    </ClInclude>
    <ClInclude Include="ArgsCounter.h">
      <Filter>Файлы заголовков\Core</Filter>
    </ClInclude>
    <ClInclude Include="DotPair.h">
      <Filter>Файлы заголовков\Core\Cell</Filter>
    </ClInclude>
    <ClInclude Include="CarCdrIterator.h">
      <Filter>Файлы заголовков\Core\Cell</Filter>
    </ClInclude>
    <ClInclude Include="SExpr.h">
      <Filter>Файлы заголовков\Core\Cell</Filter>
    </ClInclude>
    <ClInclude Include="MacroCell.h">
      <Filter>Файлы заголовков\Core\FuncCells</Filter>
    </ClInclude>
    <ClInclude Include="SupportFuncs.h">
      <Filter>Файлы заголовков\Core\SpecialFuncs</Filter>
    </ClInclude>
    <ClInclude Include="AFuncs.h">
      <Filter>Файлы заголовков\Core\SpecialFuncs</Filter>
    </ClInclude>
    <ClInclude Include="FuncInt.h">
      <Filter>Файлы заголовков\Core\SpecialFuncs</Filter>
    </ClInclude>
    <ClInclude Include="SExprsFarm.h">
      <Filter>Файлы заголовков\Core\Support</Filter>
    </ClInclude>
    <ClInclude Include="StdCoreInputArrayInput.h">
      <Filter>Файлы заголовков\Platform</Filter>
    </ClInclude>
  </ItemGroup>
  <ItemGroup>
    <ClCompile Include="BigInt.cpp">
      <Filter>Исходные файлы</Filter>
    </ClCompile>
    <ClCompile Include="Cell.cpp">
      <Filter>Исходные файлы</Filter>
    </ClCompile>
    <ClCompile Include="CoreEnv.cpp">
      <Filter>Исходные файлы</Filter>
    </ClCompile>
    <ClCompile Include="Funcs.cpp">
      <Filter>Исходные файлы</Filter>
    </ClCompile>
    <ClCompile Include="LambdaCell.cpp">
      <Filter>Исходные файлы</Filter>
    </ClCompile>
    <ClCompile Include="Number.cpp">
      <Filter>Исходные файлы</Filter>
    </ClCompile>
    <ClCompile Include="Core.cpp">
      <Filter>Исходные файлы</Filter>
    </ClCompile>
    <ClCompile Include="CoreEnvStreamsProvider.cpp">
      <Filter>Исходные файлы</Filter>
    </ClCompile>
    <ClCompile Include="PublicCoreEnvironmentProvider.cpp">
      <Filter>Исходные файлы</Filter>
    </ClCompile>
    <ClCompile Include="PredLispFuncs.cpp">
      <Filter>Исходные файлы</Filter>
    </ClCompile>
    <ClCompile Include="CellEnvironment.cpp">
      <Filter>Исходные файлы</Filter>
    </ClCompile>
    <ClCompile Include="CoreData.cpp">
      <Filter>Исходные файлы</Filter>
    </ClCompile>
    <ClCompile Include="Lexer.cpp">
      <Filter>Исходные файлы</Filter>
    </ClCompile>
    <ClCompile Include="Symbol.cpp">
      <Filter>Исходные файлы</Filter>
    </ClCompile>
    <ClCompile Include="StdCoreInputStream.cpp">
      <Filter>Исходные файлы</Filter>
    </ClCompile>
    <ClCompile Include="StdCoreOutputStream.cpp">
      <Filter>Исходные файлы</Filter>
    </ClCompile>
    <ClCompile Include="StdCoreInputMemoryStream.cpp">
      <Filter>Исходные файлы</Filter>
    </ClCompile>
    <ClCompile Include="CoreStreamInt.cpp">
      <Filter>Исходные файлы</Filter>
    </ClCompile>
    <ClCompile Include="DotPair.cpp">
      <Filter>Исходные файлы</Filter>
    </ClCompile>
    <ClCompile Include="CarCdrIterator.cpp">
      <Filter>Исходные файлы</Filter>
    </ClCompile>
    <ClCompile Include="SExprsFarm.cpp">
      <Filter>Исходные файлы</Filter>
    </ClCompile>
    <ClCompile Include="FuncsStorage.cpp">
      <Filter>Исходные файлы</Filter>
    </ClCompile>
    <ClCompile Include="OutputController.cpp">
      <Filter>Исходные файлы</Filter>
    </ClCompile>
    <ClCompile Include="FuncsEvaler.cpp">
      <Filter>Исходные файлы</Filter>
    </ClCompile>
    <ClCompile Include="Bifuncs.cpp">
      <Filter>Исходные файлы</Filter>
    </ClCompile>
    <ClCompile Include="ArgsCounter.cpp">
      <Filter>Исходные файлы</Filter>
    </ClCompile>
    <ClCompile Include="SExpr.cpp">
      <Filter>Исходные файлы</Filter>
    </ClCompile>
    <ClCompile Include="MacroCell.cpp">
      <Filter>Исходные файлы</Filter>
    </ClCompile>
    <ClCompile Include="SupportFuncs.cpp">
      <Filter>Исходные файлы</Filter>
    </ClCompile>
    <ClCompile Include="AFuncs.cpp">
      <Filter>Исходные файлы</Filter>
    </ClCompile>
    <ClCompile Include="SymbolsFarm.cpp">
      <Filter>Исходные файлы</Filter>
    </ClCompile>
    <ClCompile Include="StdCoreInputArrayInput.cpp">
      <Filter>Исходные файлы</Filter>
    </ClCompile>
  </ItemGroup>
</Project>